
Microsoft Visual Studio Solution File, Format Version 12.00
# Visual Studio Version 17
VisualStudioVersion = 17.8.34511.84
MinimumVisualStudioVersion = 10.0.40219.1
Project("{FAE04EC0-301F-11D3-BF4B-00C04F79EFBC}") = "project_GUI", "project_GUI\project_GUI.csproj", "{DD40E547-CC8A-4CBC-9E18-16BE8B952C24}"
EndProject
Project("{FAE04EC0-301F-11D3-BF4B-00C04F79EFBC}") = "project_logic", "project_logic\project_logic.csproj", "{539921B2-C90B-4A09-8A32-FD27C962F96E}"
EndProject
Global
	GlobalSection(SolutionConfigurationPlatforms) = preSolution
		Debug|Any CPU = Debug|Any CPU
		Release|Any CPU = Release|Any CPU
	EndGlobalSection
	GlobalSection(ProjectConfigurationPlatforms) = postSolution
		{DD40E547-CC8A-4CBC-9E18-16BE8B952C24}.Debug|Any CPU.ActiveCfg = Debug|Any CPU
		{DD40E547-CC8A-4CBC-9E18-16BE8B952C24}.Debug|Any CPU.Build.0 = Debug|Any CPU
		{DD40E547-CC8A-4CBC-9E18-16BE8B952C24}.Release|Any CPU.ActiveCfg = Release|Any CPU
		{DD40E547-CC8A-4CBC-9E18-16BE8B952C24}.Release|Any CPU.Build.0 = Release|Any CPU
		{539921B2-C90B-4A09-8A32-FD27C962F96E}.Debug|Any CPU.ActiveCfg = Debug|Any CPU
		{539921B2-C90B-4A09-8A32-FD27C962F96E}.Debug|Any CPU.Build.0 = Debug|Any CPU
		{539921B2-C90B-4A09-8A32-FD27C962F96E}.Release|Any CPU.ActiveCfg = Release|Any CPU
		{539921B2-C90B-4A09-8A32-FD27C962F96E}.Release|Any CPU.Build.0 = Release|Any CPU
	EndGlobalSection
	GlobalSection(SolutionProperties) = preSolution
		HideSolutionNode = FALSE
	EndGlobalSection
	GlobalSection(ExtensibilityGlobals) = postSolution
		SolutionGuid = {E22DFEAC-B297-40DA-8314-44D4856F9309}
	EndGlobalSection
EndGlobal
